
Microsoft Visual Studio Solution File, Format Version 12.00
# Visual Studio Version 17
VisualStudioVersion = 17.0.32002.185
MinimumVisualStudioVersion = 10.0.40219.1
Project("{FAE04EC0-301F-11D3-BF4B-00C04F79EFBC}") = "MyLibrary", "MyLibrary\MyLibrary.csproj", "{DAAC864C-3083-46DD-A892-605F3B429988}"
EndProject
Global
	GlobalSection(SolutionConfigurationPlatforms) = preSolution
		Debug|Any CPU = Debug|Any CPU
		Release|Any CPU = Release|Any CPU
	EndGlobalSection
	GlobalSection(ProjectConfigurationPlatforms) = postSolution
		{DAAC864C-3083-46DD-A892-605F3B429988}.Debug|Any CPU.ActiveCfg = Debug|Any CPU
		{DAAC864C-3083-46DD-A892-605F3B429988}.Debug|Any CPU.Build.0 = Debug|Any CPU
		{DAAC864C-3083-46DD-A892-605F3B429988}.Release|Any CPU.ActiveCfg = Release|Any CPU
		{DAAC864C-3083-46DD-A892-605F3B429988}.Release|Any CPU.Build.0 = Release|Any CPU
	EndGlobalSection
	GlobalSection(SolutionProperties) = preSolution
		HideSolutionNode = FALSE
	EndGlobalSection
	GlobalSection(ExtensibilityGlobals) = postSolution
		SolutionGuid = {8C951DA9-FBA7-4D0A-B2E4-78DF3544F71D}
	EndGlobalSection
EndGlobal
